// !$*UTF8*$!
{
	archiveVersion = 1;
	classes = {
	};
	objectVersion = 56;
	objects = {

/* Begin PBXBuildFile section */
		B7336AC02B76C2D100E115C2 /* XM_s_AssignmentApp.swift in Sources */ = {isa = PBXBuildFile; fileRef = B7336ABF2B76C2D100E115C2 /* XM_s_AssignmentApp.swift */; };
		B7336AC22B76C2D100E115C2 /* ContentView.swift in Sources */ = {isa = PBXBuildFile; fileRef = B7336AC12B76C2D100E115C2 /* ContentView.swift */; };
		B7336AC42B76C2D300E115C2 /* Assets.xcassets in Resources */ = {isa = PBXBuildFile; fileRef = B7336AC32B76C2D300E115C2 /* Assets.xcassets */; };
		B7336AC72B76C2D300E115C2 /* Preview Assets.xcassets in Resources */ = {isa = PBXBuildFile; fileRef = B7336AC62B76C2D300E115C2 /* Preview Assets.xcassets */; };
		B7336AD12B76C2D300E115C2 /* XM_s_AssignmentTests.swift in Sources */ = {isa = PBXBuildFile; fileRef = B7336AD02B76C2D300E115C2 /* XM_s_AssignmentTests.swift */; };
		B7336ADB2B76C2D300E115C2 /* XM_s_AssignmentUITests.swift in Sources */ = {isa = PBXBuildFile; fileRef = B7336ADA2B76C2D300E115C2 /* XM_s_AssignmentUITests.swift */; };
		B7336ADD2B76C2D300E115C2 /* XM_s_AssignmentUITestsLaunchTests.swift in Sources */ = {isa = PBXBuildFile; fileRef = B7336ADC2B76C2D300E115C2 /* XM_s_AssignmentUITestsLaunchTests.swift */; };
		B7336AEA2B76C38600E115C2 /* SurveyQuestionsView.swift in Sources */ = {isa = PBXBuildFile; fileRef = B7336AE92B76C38600E115C2 /* SurveyQuestionsView.swift */; };
		B7336AEC2B76C5A800E115C2 /* SurveyQuestionsViewModel.swift in Sources */ = {isa = PBXBuildFile; fileRef = B7336AEB2B76C5A800E115C2 /* SurveyQuestionsViewModel.swift */; };
		B7336AF32B7730B000E115C2 /* SurveyQuestionModel.swift in Sources */ = {isa = PBXBuildFile; fileRef = B7336AF22B7730B000E115C2 /* SurveyQuestionModel.swift */; };
		B7336AF62B7730DB00E115C2 /* SurveyAlertItemModel.swift in Sources */ = {isa = PBXBuildFile; fileRef = B7336AF52B7730DB00E115C2 /* SurveyAlertItemModel.swift */; };
		B7336AF92B77310D00E115C2 /* QuestionService.swift in Sources */ = {isa = PBXBuildFile; fileRef = B7336AF82B77310D00E115C2 /* QuestionService.swift */; };
		B7336AFC2B77314000E115C2 /* QuestionDTO.swift in Sources */ = {isa = PBXBuildFile; fileRef = B7336AFB2B77314000E115C2 /* QuestionDTO.swift */; };
		B7336AFF2B77351F00E115C2 /* QuestionServiceTests.swift in Sources */ = {isa = PBXBuildFile; fileRef = B7336AFE2B77351F00E115C2 /* QuestionServiceTests.swift */; };
/* End PBXBuildFile section */

/* Begin PBXContainerItemProxy section */
		B7336ACD2B76C2D300E115C2 /* PBXContainerItemProxy */ = {
			isa = PBXContainerItemProxy;
			containerPortal = B7336AB42B76C2D100E115C2 /* Project object */;
			proxyType = 1;
			remoteGlobalIDString = B7336ABB2B76C2D100E115C2;
			remoteInfo = "XM's Assignment";
		};
		B7336AD72B76C2D300E115C2 /* PBXContainerItemProxy */ = {
			isa = PBXContainerItemProxy;
			containerPortal = B7336AB42B76C2D100E115C2 /* Project object */;
			proxyType = 1;
			remoteGlobalIDString = B7336ABB2B76C2D100E115C2;
			remoteInfo = "XM's Assignment";
		};
/* End PBXContainerItemProxy section */

/* Begin PBXFileReference section */
		B7336ABC2B76C2D100E115C2 /* XM's Assignment.app */ = {isa = PBXFileReference; explicitFileType = wrapper.application; includeInIndex = 0; path = "XM's Assignment.app"; sourceTree = BUILT_PRODUCTS_DIR; };
		B7336ABF2B76C2D100E115C2 /* XM_s_AssignmentApp.swift */ = {isa = PBXFileReference; lastKnownFileType = sourcecode.swift; path = XM_s_AssignmentApp.swift; sourceTree = "<group>"; };
		B7336AC12B76C2D100E115C2 /* ContentView.swift */ = {isa = PBXFileReference; lastKnownFileType = sourcecode.swift; path = ContentView.swift; sourceTree = "<group>"; };
		B7336AC32B76C2D300E115C2 /* Assets.xcassets */ = {isa = PBXFileReference; lastKnownFileType = folder.assetcatalog; path = Assets.xcassets; sourceTree = "<group>"; };
		B7336AC62B76C2D300E115C2 /* Preview Assets.xcassets */ = {isa = PBXFileReference; lastKnownFileType = folder.assetcatalog; path = "Preview Assets.xcassets"; sourceTree = "<group>"; };
		B7336ACC2B76C2D300E115C2 /* XM's AssignmentTests.xctest */ = {isa = PBXFileReference; explicitFileType = wrapper.cfbundle; includeInIndex = 0; path = "XM's AssignmentTests.xctest"; sourceTree = BUILT_PRODUCTS_DIR; };
		B7336AD02B76C2D300E115C2 /* XM_s_AssignmentTests.swift */ = {isa = PBXFileReference; lastKnownFileType = sourcecode.swift; path = XM_s_AssignmentTests.swift; sourceTree = "<group>"; };
		B7336AD62B76C2D300E115C2 /* XM's AssignmentUITests.xctest */ = {isa = PBXFileReference; explicitFileType = wrapper.cfbundle; includeInIndex = 0; path = "XM's AssignmentUITests.xctest"; sourceTree = BUILT_PRODUCTS_DIR; };
		B7336ADA2B76C2D300E115C2 /* XM_s_AssignmentUITests.swift */ = {isa = PBXFileReference; lastKnownFileType = sourcecode.swift; path = XM_s_AssignmentUITests.swift; sourceTree = "<group>"; };
		B7336ADC2B76C2D300E115C2 /* XM_s_AssignmentUITestsLaunchTests.swift */ = {isa = PBXFileReference; lastKnownFileType = sourcecode.swift; path = XM_s_AssignmentUITestsLaunchTests.swift; sourceTree = "<group>"; };
		B7336AE92B76C38600E115C2 /* SurveyQuestionsView.swift */ = {isa = PBXFileReference; lastKnownFileType = sourcecode.swift; path = SurveyQuestionsView.swift; sourceTree = "<group>"; };
		B7336AEB2B76C5A800E115C2 /* SurveyQuestionsViewModel.swift */ = {isa = PBXFileReference; lastKnownFileType = sourcecode.swift; path = SurveyQuestionsViewModel.swift; sourceTree = "<group>"; };
		B7336AF22B7730B000E115C2 /* SurveyQuestionModel.swift */ = {isa = PBXFileReference; lastKnownFileType = sourcecode.swift; path = SurveyQuestionModel.swift; sourceTree = "<group>"; };
		B7336AF52B7730DB00E115C2 /* SurveyAlertItemModel.swift */ = {isa = PBXFileReference; lastKnownFileType = sourcecode.swift; path = SurveyAlertItemModel.swift; sourceTree = "<group>"; };
		B7336AF82B77310D00E115C2 /* QuestionService.swift */ = {isa = PBXFileReference; lastKnownFileType = sourcecode.swift; path = QuestionService.swift; sourceTree = "<group>"; };
		B7336AFB2B77314000E115C2 /* QuestionDTO.swift */ = {isa = PBXFileReference; lastKnownFileType = sourcecode.swift; path = QuestionDTO.swift; sourceTree = "<group>"; };
		B7336AFE2B77351F00E115C2 /* QuestionServiceTests.swift */ = {isa = PBXFileReference; lastKnownFileType = sourcecode.swift; path = QuestionServiceTests.swift; sourceTree = "<group>"; };
/* End PBXFileReference section */

/* Begin PBXFrameworksBuildPhase section */
		B7336AB92B76C2D100E115C2 /* Frameworks */ = {
			isa = PBXFrameworksBuildPhase;
			buildActionMask = 2147483647;
			files = (
			);
			runOnlyForDeploymentPostprocessing = 0;
		};
		B7336AC92B76C2D300E115C2 /* Frameworks */ = {
			isa = PBXFrameworksBuildPhase;
			buildActionMask = 2147483647;
			files = (
			);
			runOnlyForDeploymentPostprocessing = 0;
		};
		B7336AD32B76C2D300E115C2 /* Frameworks */ = {
			isa = PBXFrameworksBuildPhase;
			buildActionMask = 2147483647;
			files = (
			);
			runOnlyForDeploymentPostprocessing = 0;
		};
/* End PBXFrameworksBuildPhase section */

/* Begin PBXGroup section */
		B7336AB32B76C2D100E115C2 = {
			isa = PBXGroup;
			children = (
				B7336ABE2B76C2D100E115C2 /* XM's Assignment */,
				B7336ACF2B76C2D300E115C2 /* XM's AssignmentTests */,
				B7336AD92B76C2D300E115C2 /* XM's AssignmentUITests */,
				B7336ABD2B76C2D100E115C2 /* Products */,
			);
			sourceTree = "<group>";
		};
		B7336ABD2B76C2D100E115C2 /* Products */ = {
			isa = PBXGroup;
			children = (
				B7336ABC2B76C2D100E115C2 /* XM's Assignment.app */,
				B7336ACC2B76C2D300E115C2 /* XM's AssignmentTests.xctest */,
				B7336AD62B76C2D300E115C2 /* XM's AssignmentUITests.xctest */,
			);
			name = Products;
			sourceTree = "<group>";
		};
		B7336ABE2B76C2D100E115C2 /* XM's Assignment */ = {
			isa = PBXGroup;
			children = (
				B7336AEE2B77306A00E115C2 /* SurveyQuestionView */,
				B7336ABF2B76C2D100E115C2 /* XM_s_AssignmentApp.swift */,
				B7336AC12B76C2D100E115C2 /* ContentView.swift */,
				B7336AC32B76C2D300E115C2 /* Assets.xcassets */,
				B7336AC52B76C2D300E115C2 /* Preview Content */,
			);
			path = "XM's Assignment";
			sourceTree = "<group>";
		};
		B7336AC52B76C2D300E115C2 /* Preview Content */ = {
			isa = PBXGroup;
			children = (
				B7336AC62B76C2D300E115C2 /* Preview Assets.xcassets */,
			);
			path = "Preview Content";
			sourceTree = "<group>";
		};
		B7336ACF2B76C2D300E115C2 /* XM's AssignmentTests */ = {
			isa = PBXGroup;
			children = (
				B7336AD02B76C2D300E115C2 /* XM_s_AssignmentTests.swift */,
			);
			path = "XM's AssignmentTests";
			sourceTree = "<group>";
		};
		B7336AD92B76C2D300E115C2 /* XM's AssignmentUITests */ = {
			isa = PBXGroup;
			children = (
				B7336ADA2B76C2D300E115C2 /* XM_s_AssignmentUITests.swift */,
				B7336ADC2B76C2D300E115C2 /* XM_s_AssignmentUITestsLaunchTests.swift */,
			);
			path = "XM's AssignmentUITests";
			sourceTree = "<group>";
		};
		B7336AEE2B77306A00E115C2 /* SurveyQuestionView */ = {
			isa = PBXGroup;
			children = (
				B7336AF72B7730FE00E115C2 /* Service */,
				B7336AF02B77309800E115C2 /* Models */,
				B7336AEF2B77308100E115C2 /* ViewModel */,
				B7336AE92B76C38600E115C2 /* SurveyQuestionsView.swift */,
			);
			path = SurveyQuestionView;
			sourceTree = "<group>";
		};
		B7336AEF2B77308100E115C2 /* ViewModel */ = {
			isa = PBXGroup;
			children = (
				B7336AEB2B76C5A800E115C2 /* SurveyQuestionsViewModel.swift */,
			);
			path = ViewModel;
			sourceTree = "<group>";
		};
		B7336AF02B77309800E115C2 /* Models */ = {
			isa = PBXGroup;
			children = (
				B7336AF42B7730C800E115C2 /* SurveyAlertItemModel */,
				B7336AF12B77309F00E115C2 /* SurveyQuestionModel */,
			);
			path = Models;
			sourceTree = "<group>";
		};
		B7336AF12B77309F00E115C2 /* SurveyQuestionModel */ = {
			isa = PBXGroup;
			children = (
				B7336AF22B7730B000E115C2 /* SurveyQuestionModel.swift */,
			);
			path = SurveyQuestionModel;
			sourceTree = "<group>";
		};
		B7336AF42B7730C800E115C2 /* SurveyAlertItemModel */ = {
			isa = PBXGroup;
			children = (
				B7336AF52B7730DB00E115C2 /* SurveyAlertItemModel.swift */,
			);
			path = SurveyAlertItemModel;
			sourceTree = "<group>";
		};
		B7336AF72B7730FE00E115C2 /* Service */ = {
			isa = PBXGroup;
			children = (
				B7336AFD2B77350C00E115C2 /* Tests */,
				B7336AFA2B77313200E115C2 /* DTO */,
				B7336AF82B77310D00E115C2 /* QuestionService.swift */,
			);
			path = Service;
			sourceTree = "<group>";
		};
		B7336AFA2B77313200E115C2 /* DTO */ = {
			isa = PBXGroup;
			children = (
				B7336AFB2B77314000E115C2 /* QuestionDTO.swift */,
			);
			path = DTO;
			sourceTree = "<group>";
		};
		B7336AFD2B77350C00E115C2 /* Tests */ = {
			isa = PBXGroup;
			children = (
				B7336AFE2B77351F00E115C2 /* QuestionServiceTests.swift */,
			);
			path = Tests;
			sourceTree = "<group>";
		};
/* End PBXGroup section */

/* Begin PBXNativeTarget section */
		B7336ABB2B76C2D100E115C2 /* XM's Assignment */ = {
			isa = PBXNativeTarget;
			buildConfigurationList = B7336AE02B76C2D300E115C2 /* Build configuration list for PBXNativeTarget "XM's Assignment" */;
			buildPhases = (
				B7336AB82B76C2D100E115C2 /* Sources */,
				B7336AB92B76C2D100E115C2 /* Frameworks */,
				B7336ABA2B76C2D100E115C2 /* Resources */,
			);
			buildRules = (
			);
			dependencies = (
			);
			name = "XM's Assignment";
			productName = "XM's Assignment";
			productReference = B7336ABC2B76C2D100E115C2 /* XM's Assignment.app */;
			productType = "com.apple.product-type.application";
		};
		B7336ACB2B76C2D300E115C2 /* XM's AssignmentTests */ = {
			isa = PBXNativeTarget;
			buildConfigurationList = B7336AE32B76C2D300E115C2 /* Build configuration list for PBXNativeTarget "XM's AssignmentTests" */;
			buildPhases = (
				B7336AC82B76C2D300E115C2 /* Sources */,
				B7336AC92B76C2D300E115C2 /* Frameworks */,
				B7336ACA2B76C2D300E115C2 /* Resources */,
			);
			buildRules = (
			);
			dependencies = (
				B7336ACE2B76C2D300E115C2 /* PBXTargetDependency */,
			);
			name = "XM's AssignmentTests";
			productName = "XM's AssignmentTests";
			productReference = B7336ACC2B76C2D300E115C2 /* XM's AssignmentTests.xctest */;
			productType = "com.apple.product-type.bundle.unit-test";
		};
		B7336AD52B76C2D300E115C2 /* XM's AssignmentUITests */ = {
			isa = PBXNativeTarget;
			buildConfigurationList = B7336AE62B76C2D300E115C2 /* Build configuration list for PBXNativeTarget "XM's AssignmentUITests" */;
			buildPhases = (
				B7336AD22B76C2D300E115C2 /* Sources */,
				B7336AD32B76C2D300E115C2 /* Frameworks */,
				B7336AD42B76C2D300E115C2 /* Resources */,
			);
			buildRules = (
			);
			dependencies = (
				B7336AD82B76C2D300E115C2 /* PBXTargetDependency */,
			);
			name = "XM's AssignmentUITests";
			productName = "XM's AssignmentUITests";
			productReference = B7336AD62B76C2D300E115C2 /* XM's AssignmentUITests.xctest */;
			productType = "com.apple.product-type.bundle.ui-testing";
		};
/* End PBXNativeTarget section */

/* Begin PBXProject section */
		B7336AB42B76C2D100E115C2 /* Project object */ = {
			isa = PBXProject;
			attributes = {
				BuildIndependentTargetsInParallel = 1;
				LastSwiftUpdateCheck = 1500;
				LastUpgradeCheck = 1500;
				TargetAttributes = {
					B7336ABB2B76C2D100E115C2 = {
						CreatedOnToolsVersion = 15.0.1;
					};
					B7336ACB2B76C2D300E115C2 = {
						CreatedOnToolsVersion = 15.0.1;
						TestTargetID = B7336ABB2B76C2D100E115C2;
					};
					B7336AD52B76C2D300E115C2 = {
						CreatedOnToolsVersion = 15.0.1;
						TestTargetID = B7336ABB2B76C2D100E115C2;
					};
				};
			};
			buildConfigurationList = B7336AB72B76C2D100E115C2 /* Build configuration list for PBXProject "XM's Assignment" */;
			compatibilityVersion = "Xcode 14.0";
			developmentRegion = en;
			hasScannedForEncodings = 0;
			knownRegions = (
				en,
				Base,
			);
			mainGroup = B7336AB32B76C2D100E115C2;
			productRefGroup = B7336ABD2B76C2D100E115C2 /* Products */;
			projectDirPath = "";
			projectRoot = "";
			targets = (
				B7336ABB2B76C2D100E115C2 /* XM's Assignment */,
				B7336ACB2B76C2D300E115C2 /* XM's AssignmentTests */,
				B7336AD52B76C2D300E115C2 /* XM's AssignmentUITests */,
			);
		};
/* End PBXProject section */

/* Begin PBXResourcesBuildPhase section */
		B7336ABA2B76C2D100E115C2 /* Resources */ = {
			isa = PBXResourcesBuildPhase;
			buildActionMask = 2147483647;
			files = (
				B7336AC72B76C2D300E115C2 /* Preview Assets.xcassets in Resources */,
				B7336AC42B76C2D300E115C2 /* Assets.xcassets in Resources */,
			);
			runOnlyForDeploymentPostprocessing = 0;
		};
		B7336ACA2B76C2D300E115C2 /* Resources */ = {
			isa = PBXResourcesBuildPhase;
			buildActionMask = 2147483647;
			files = (
			);
			runOnlyForDeploymentPostprocessing = 0;
		};
		B7336AD42B76C2D300E115C2 /* Resources */ = {
			isa = PBXResourcesBuildPhase;
			buildActionMask = 2147483647;
			files = (
			);
			runOnlyForDeploymentPostprocessing = 0;
		};
/* End PBXResourcesBuildPhase section */

/* Begin PBXSourcesBuildPhase section */
		B7336AB82B76C2D100E115C2 /* Sources */ = {
			isa = PBXSourcesBuildPhase;
			buildActionMask = 2147483647;
			files = (
				B7336AEA2B76C38600E115C2 /* SurveyQuestionsView.swift in Sources */,
				B7336AC22B76C2D100E115C2 /* ContentView.swift in Sources */,
				B7336AEC2B76C5A800E115C2 /* SurveyQuestionsViewModel.swift in Sources */,
				B7336AFC2B77314000E115C2 /* QuestionDTO.swift in Sources */,
				B7336AF92B77310D00E115C2 /* QuestionService.swift in Sources */,
				B7336AF32B7730B000E115C2 /* SurveyQuestionModel.swift in Sources */,
				B7336AC02B76C2D100E115C2 /* XM_s_AssignmentApp.swift in Sources */,
				B7336AF62B7730DB00E115C2 /* SurveyAlertItemModel.swift in Sources */,
			);
			runOnlyForDeploymentPostprocessing = 0;
		};
		B7336AC82B76C2D300E115C2 /* Sources */ = {
			isa = PBXSourcesBuildPhase;
			buildActionMask = 2147483647;
			files = (
				B7336AD12B76C2D300E115C2 /* XM_s_AssignmentTests.swift in Sources */,
				B7336AFF2B77351F00E115C2 /* QuestionServiceTests.swift in Sources */,
			);
			runOnlyForDeploymentPostprocessing = 0;
		};
		B7336AD22B76C2D300E115C2 /* Sources */ = {
			isa = PBXSourcesBuildPhase;
			buildActionMask = 2147483647;
			files = (
				B7336ADD2B76C2D300E115C2 /* XM_s_AssignmentUITestsLaunchTests.swift in Sources */,
				B7336ADB2B76C2D300E115C2 /* XM_s_AssignmentUITests.swift in Sources */,
			);
			runOnlyForDeploymentPostprocessing = 0;
		};
/* End PBXSourcesBuildPhase section */

/* Begin PBXTargetDependency section */
		B7336ACE2B76C2D300E115C2 /* PBXTargetDependency */ = {
			isa = PBXTargetDependency;
			target = B7336ABB2B76C2D100E115C2 /* XM's Assignment */;
			targetProxy = B7336ACD2B76C2D300E115C2 /* PBXContainerItemProxy */;
		};
		B7336AD82B76C2D300E115C2 /* PBXTargetDependency */ = {
			isa = PBXTargetDependency;
			target = B7336ABB2B76C2D100E115C2 /* XM's Assignment */;
			targetProxy = B7336AD72B76C2D300E115C2 /* PBXContainerItemProxy */;
		};
/* End PBXTargetDependency section */

/* Begin XCBuildConfiguration section */
		B7336ADE2B76C2D300E115C2 /* Debug */ = {
			isa = XCBuildConfiguration;
			buildSettings = {
				ALWAYS_SEARCH_USER_PATHS = NO;
				ASSETCATALOG_COMPILER_GENERATE_SWIFT_ASSET_SYMBOL_EXTENSIONS = YES;
				CLANG_ANALYZER_NONNULL = YES;
				CLANG_ANALYZER_NUMBER_OBJECT_CONVERSION = YES_AGGRESSIVE;
				CLANG_CXX_LANGUAGE_STANDARD = "gnu++20";
				CLANG_ENABLE_MODULES = YES;
				CLANG_ENABLE_OBJC_ARC = YES;
				CLANG_ENABLE_OBJC_WEAK = YES;
				CLANG_WARN_BLOCK_CAPTURE_AUTORELEASING = YES;
				CLANG_WARN_BOOL_CONVERSION = YES;
				CLANG_WARN_COMMA = YES;
				CLANG_WARN_CONSTANT_CONVERSION = YES;
				CLANG_WARN_DEPRECATED_OBJC_IMPLEMENTATIONS = YES;
				CLANG_WARN_DIRECT_OBJC_ISA_USAGE = YES_ERROR;
				CLANG_WARN_DOCUMENTATION_COMMENTS = YES;
				CLANG_WARN_EMPTY_BODY = YES;
				CLANG_WARN_ENUM_CONVERSION = YES;
				CLANG_WARN_INFINITE_RECURSION = YES;
				CLANG_WARN_INT_CONVERSION = YES;
				CLANG_WARN_NON_LITERAL_NULL_CONVERSION = YES;
				CLANG_WARN_OBJC_IMPLICIT_RETAIN_SELF = YES;
				CLANG_WARN_OBJC_LITERAL_CONVERSION = YES;
				CLANG_WARN_OBJC_ROOT_CLASS = YES_ERROR;
				CLANG_WARN_QUOTED_INCLUDE_IN_FRAMEWORK_HEADER = YES;
				CLANG_WARN_RANGE_LOOP_ANALYSIS = YES;
				CLANG_WARN_STRICT_PROTOTYPES = YES;
				CLANG_WARN_SUSPICIOUS_MOVE = YES;
				CLANG_WARN_UNGUARDED_AVAILABILITY = YES_AGGRESSIVE;
				CLANG_WARN_UNREACHABLE_CODE = YES;
				CLANG_WARN__DUPLICATE_METHOD_MATCH = YES;
				COPY_PHASE_STRIP = NO;
				DEBUG_INFORMATION_FORMAT = dwarf;
				ENABLE_STRICT_OBJC_MSGSEND = YES;
				ENABLE_TESTABILITY = YES;
				ENABLE_USER_SCRIPT_SANDBOXING = YES;
				GCC_C_LANGUAGE_STANDARD = gnu17;
				GCC_DYNAMIC_NO_PIC = NO;
				GCC_NO_COMMON_BLOCKS = YES;
				GCC_OPTIMIZATION_LEVEL = 0;
				GCC_PREPROCESSOR_DEFINITIONS = (
					"DEBUG=1",
					"$(inherited)",
				);
				GCC_WARN_64_TO_32_BIT_CONVERSION = YES;
				GCC_WARN_ABOUT_RETURN_TYPE = YES_ERROR;
				GCC_WARN_UNDECLARED_SELECTOR = YES;
				GCC_WARN_UNINITIALIZED_AUTOS = YES_AGGRESSIVE;
				GCC_WARN_UNUSED_FUNCTION = YES;
				GCC_WARN_UNUSED_VARIABLE = YES;
				IPHONEOS_DEPLOYMENT_TARGET = 17.0;
				LOCALIZATION_PREFERS_STRING_CATALOGS = YES;
				MTL_ENABLE_DEBUG_INFO = INCLUDE_SOURCE;
				MTL_FAST_MATH = YES;
				ONLY_ACTIVE_ARCH = YES;
				SDKROOT = iphoneos;
				SWIFT_ACTIVE_COMPILATION_CONDITIONS = "DEBUG $(inherited)";
				SWIFT_OPTIMIZATION_LEVEL = "-Onone";
			};
			name = Debug;
		};
		B7336ADF2B76C2D300E115C2 /* Release */ = {
			isa = XCBuildConfiguration;
			buildSettings = {
				ALWAYS_SEARCH_USER_PATHS = NO;
				ASSETCATALOG_COMPILER_GENERATE_SWIFT_ASSET_SYMBOL_EXTENSIONS = YES;
				CLANG_ANALYZER_NONNULL = YES;
				CLANG_ANALYZER_NUMBER_OBJECT_CONVERSION = YES_AGGRESSIVE;
				CLANG_CXX_LANGUAGE_STANDARD = "gnu++20";
				CLANG_ENABLE_MODULES = YES;
				CLANG_ENABLE_OBJC_ARC = YES;
				CLANG_ENABLE_OBJC_WEAK = YES;
				CLANG_WARN_BLOCK_CAPTURE_AUTORELEASING = YES;
				CLANG_WARN_BOOL_CONVERSION = YES;
				CLANG_WARN_COMMA = YES;
				CLANG_WARN_CONSTANT_CONVERSION = YES;
				CLANG_WARN_DEPRECATED_OBJC_IMPLEMENTATIONS = YES;
				CLANG_WARN_DIRECT_OBJC_ISA_USAGE = YES_ERROR;
				CLANG_WARN_DOCUMENTATION_COMMENTS = YES;
				CLANG_WARN_EMPTY_BODY = YES;
				CLANG_WARN_ENUM_CONVERSION = YES;
				CLANG_WARN_INFINITE_RECURSION = YES;
				CLANG_WARN_INT_CONVERSION = YES;
				CLANG_WARN_NON_LITERAL_NULL_CONVERSION = YES;
				CLANG_WARN_OBJC_IMPLICIT_RETAIN_SELF = YES;
				CLANG_WARN_OBJC_LITERAL_CONVERSION = YES;
				CLANG_WARN_OBJC_ROOT_CLASS = YES_ERROR;
				CLANG_WARN_QUOTED_INCLUDE_IN_FRAMEWORK_HEADER = YES;
				CLANG_WARN_RANGE_LOOP_ANALYSIS = YES;
				CLANG_WARN_STRICT_PROTOTYPES = YES;
				CLANG_WARN_SUSPICIOUS_MOVE = YES;
				CLANG_WARN_UNGUARDED_AVAILABILITY = YES_AGGRESSIVE;
				CLANG_WARN_UNREACHABLE_CODE = YES;
				CLANG_WARN__DUPLICATE_METHOD_MATCH = YES;
				COPY_PHASE_STRIP = NO;
				DEBUG_INFORMATION_FORMAT = "dwarf-with-dsym";
				ENABLE_NS_ASSERTIONS = NO;
				ENABLE_STRICT_OBJC_MSGSEND = YES;
				ENABLE_USER_SCRIPT_SANDBOXING = YES;
				GCC_C_LANGUAGE_STANDARD = gnu17;
				GCC_NO_COMMON_BLOCKS = YES;
				GCC_WARN_64_TO_32_BIT_CONVERSION = YES;
				GCC_WARN_ABOUT_RETURN_TYPE = YES_ERROR;
				GCC_WARN_UNDECLARED_SELECTOR = YES;
				GCC_WARN_UNINITIALIZED_AUTOS = YES_AGGRESSIVE;
				GCC_WARN_UNUSED_FUNCTION = YES;
				GCC_WARN_UNUSED_VARIABLE = YES;
				IPHONEOS_DEPLOYMENT_TARGET = 17.0;
				LOCALIZATION_PREFERS_STRING_CATALOGS = YES;
				MTL_ENABLE_DEBUG_INFO = NO;
				MTL_FAST_MATH = YES;
				SDKROOT = iphoneos;
				SWIFT_COMPILATION_MODE = wholemodule;
				VALIDATE_PRODUCT = YES;
			};
			name = Release;
		};
		B7336AE12B76C2D300E115C2 /* Debug */ = {
			isa = XCBuildConfiguration;
			buildSettings = {
				ASSETCATALOG_COMPILER_APPICON_NAME = AppIcon;
				ASSETCATALOG_COMPILER_GLOBAL_ACCENT_COLOR_NAME = AccentColor;
				CODE_SIGN_STYLE = Automatic;
				CURRENT_PROJECT_VERSION = 1;
				DEVELOPMENT_ASSET_PATHS = "\"XM's Assignment/Preview Content\"";
				DEVELOPMENT_TEAM = GJLU7Y2D84;
				ENABLE_PREVIEWS = YES;
				GENERATE_INFOPLIST_FILE = YES;
				INFOPLIST_KEY_UIApplicationSceneManifest_Generation = YES;
				INFOPLIST_KEY_UIApplicationSupportsIndirectInputEvents = YES;
				INFOPLIST_KEY_UILaunchScreen_Generation = YES;
				INFOPLIST_KEY_UISupportedInterfaceOrientations_iPad = "UIInterfaceOrientationPortrait UIInterfaceOrientationPortraitUpsideDown UIInterfaceOrientationLandscapeLeft UIInterfaceOrientationLandscapeRight";
				INFOPLIST_KEY_UISupportedInterfaceOrientations_iPhone = "UIInterfaceOrientationPortrait UIInterfaceOrientationLandscapeLeft UIInterfaceOrientationLandscapeRight";
				LD_RUNPATH_SEARCH_PATHS = (
					"$(inherited)",
					"@executable_path/Frameworks",
				);
				MARKETING_VERSION = 1.0;
				PRODUCT_BUNDLE_IDENTIFIER = "TemoAroshvili.XM-s-Assignment";
				PRODUCT_NAME = "$(TARGET_NAME)";
				SWIFT_EMIT_LOC_STRINGS = YES;
				SWIFT_VERSION = 5.0;
				TARGETED_DEVICE_FAMILY = "1,2";
			};
			name = Debug;
		};
		B7336AE22B76C2D300E115C2 /* Release */ = {
			isa = XCBuildConfiguration;
			buildSettings = {
				ASSETCATALOG_COMPILER_APPICON_NAME = AppIcon;
				ASSETCATALOG_COMPILER_GLOBAL_ACCENT_COLOR_NAME = AccentColor;
				CODE_SIGN_STYLE = Automatic;
				CURRENT_PROJECT_VERSION = 1;
				DEVELOPMENT_ASSET_PATHS = "\"XM's Assignment/Preview Content\"";
				DEVELOPMENT_TEAM = GJLU7Y2D84;
				ENABLE_PREVIEWS = YES;
				GENERATE_INFOPLIST_FILE = YES;
				INFOPLIST_KEY_UIApplicationSceneManifest_Generation = YES;
				INFOPLIST_KEY_UIApplicationSupportsIndirectInputEvents = YES;
				INFOPLIST_KEY_UILaunchScreen_Generation = YES;
				INFOPLIST_KEY_UISupportedInterfaceOrientations_iPad = "UIInterfaceOrientationPortrait UIInterfaceOrientationPortraitUpsideDown UIInterfaceOrientationLandscapeLeft UIInterfaceOrientationLandscapeRight";
				INFOPLIST_KEY_UISupportedInterfaceOrientations_iPhone = "UIInterfaceOrientationPortrait UIInterfaceOrientationLandscapeLeft UIInterfaceOrientationLandscapeRight";
				LD_RUNPATH_SEARCH_PATHS = (
					"$(inherited)",
					"@executable_path/Frameworks",
				);
				MARKETING_VERSION = 1.0;
				PRODUCT_BUNDLE_IDENTIFIER = "TemoAroshvili.XM-s-Assignment";
				PRODUCT_NAME = "$(TARGET_NAME)";
				SWIFT_EMIT_LOC_STRINGS = YES;
				SWIFT_VERSION = 5.0;
				TARGETED_DEVICE_FAMILY = "1,2";
			};
			name = Release;
		};
		B7336AE42B76C2D300E115C2 /* Debug */ = {
			isa = XCBuildConfiguration;
			buildSettings = {
				ALWAYS_EMBED_SWIFT_STANDARD_LIBRARIES = YES;
				BUNDLE_LOADER = "$(TEST_HOST)";
				CODE_SIGN_STYLE = Automatic;
				CURRENT_PROJECT_VERSION = 1;
				DEVELOPMENT_TEAM = GJLU7Y2D84;
				GENERATE_INFOPLIST_FILE = YES;
				IPHONEOS_DEPLOYMENT_TARGET = 17.0;
				MARKETING_VERSION = 1.0;
				PRODUCT_BUNDLE_IDENTIFIER = "TemoAroshvili.XM-s-AssignmentTests";
				PRODUCT_NAME = "$(TARGET_NAME)";
				SWIFT_EMIT_LOC_STRINGS = NO;
				SWIFT_VERSION = 5.0;
				TARGETED_DEVICE_FAMILY = "1,2";
				TEST_HOST = "$(BUILT_PRODUCTS_DIR)/XM's Assignment.app/$(BUNDLE_EXECUTABLE_FOLDER_PATH)/XM's Assignment";
			};
			name = Debug;
		};
		B7336AE52B76C2D300E115C2 /* Release */ = {
			isa = XCBuildConfiguration;
			buildSettings = {
				ALWAYS_EMBED_SWIFT_STANDARD_LIBRARIES = YES;
				BUNDLE_LOADER = "$(TEST_HOST)";
				CODE_SIGN_STYLE = Automatic;
				CURRENT_PROJECT_VERSION = 1;
				DEVELOPMENT_TEAM = GJLU7Y2D84;
				GENERATE_INFOPLIST_FILE = YES;
				IPHONEOS_DEPLOYMENT_TARGET = 17.0;
				MARKETING_VERSION = 1.0;
				PRODUCT_BUNDLE_IDENTIFIER = "TemoAroshvili.XM-s-AssignmentTests";
				PRODUCT_NAME = "$(TARGET_NAME)";
				SWIFT_EMIT_LOC_STRINGS = NO;
				SWIFT_VERSION = 5.0;
				TARGETED_DEVICE_FAMILY = "1,2";
				TEST_HOST = "$(BUILT_PRODUCTS_DIR)/XM's Assignment.app/$(BUNDLE_EXECUTABLE_FOLDER_PATH)/XM's Assignment";
			};
			name = Release;
		};
		B7336AE72B76C2D300E115C2 /* Debug */ = {
			isa = XCBuildConfiguration;
			buildSettings = {
				ALWAYS_EMBED_SWIFT_STANDARD_LIBRARIES = YES;
				CODE_SIGN_STYLE = Automatic;
				CURRENT_PROJECT_VERSION = 1;
				DEVELOPMENT_TEAM = GJLU7Y2D84;
				GENERATE_INFOPLIST_FILE = YES;
				MARKETING_VERSION = 1.0;
				PRODUCT_BUNDLE_IDENTIFIER = "TemoAroshvili.XM-s-AssignmentUITests";
				PRODUCT_NAME = "$(TARGET_NAME)";
				SWIFT_EMIT_LOC_STRINGS = NO;
				SWIFT_VERSION = 5.0;
				TARGETED_DEVICE_FAMILY = "1,2";
				TEST_TARGET_NAME = "XM's Assignment";
			};
			name = Debug;
		};
		B7336AE82B76C2D300E115C2 /* Release */ = {
			isa = XCBuildConfiguration;
			buildSettings = {
				ALWAYS_EMBED_SWIFT_STANDARD_LIBRARIES = YES;
				CODE_SIGN_STYLE = Automatic;
				CURRENT_PROJECT_VERSION = 1;
				DEVELOPMENT_TEAM = GJLU7Y2D84;
				GENERATE_INFOPLIST_FILE = YES;
				MARKETING_VERSION = 1.0;
				PRODUCT_BUNDLE_IDENTIFIER = "TemoAroshvili.XM-s-AssignmentUITests";
				PRODUCT_NAME = "$(TARGET_NAME)";
				SWIFT_EMIT_LOC_STRINGS = NO;
				SWIFT_VERSION = 5.0;
				TARGETED_DEVICE_FAMILY = "1,2";
				TEST_TARGET_NAME = "XM's Assignment";
			};
			name = Release;
		};
/* End XCBuildConfiguration section */

/* Begin XCConfigurationList section */
		B7336AB72B76C2D100E115C2 /* Build configuration list for PBXProject "XM's Assignment" */ = {
			isa = XCConfigurationList;
			buildConfigurations = (
				B7336ADE2B76C2D300E115C2 /* Debug */,
				B7336ADF2B76C2D300E115C2 /* Release */,
			);
			defaultConfigurationIsVisible = 0;
			defaultConfigurationName = Release;
		};
		B7336AE02B76C2D300E115C2 /* Build configuration list for PBXNativeTarget "XM's Assignment" */ = {
			isa = XCConfigurationList;
			buildConfigurations = (
				B7336AE12B76C2D300E115C2 /* Debug */,
				B7336AE22B76C2D300E115C2 /* Release */,
			);
			defaultConfigurationIsVisible = 0;
			defaultConfigurationName = Release;
		};
		B7336AE32B76C2D300E115C2 /* Build configuration list for PBXNativeTarget "XM's AssignmentTests" */ = {
			isa = XCConfigurationList;
			buildConfigurations = (
				B7336AE42B76C2D300E115C2 /* Debug */,
				B7336AE52B76C2D300E115C2 /* Release */,
			);
			defaultConfigurationIsVisible = 0;
			defaultConfigurationName = Release;
		};
		B7336AE62B76C2D300E115C2 /* Build configuration list for PBXNativeTarget "XM's AssignmentUITests" */ = {
			isa = XCConfigurationList;
			buildConfigurations = (
				B7336AE72B76C2D300E115C2 /* Debug */,
				B7336AE82B76C2D300E115C2 /* Release */,
			);
			defaultConfigurationIsVisible = 0;
			defaultConfigurationName = Release;
		};
/* End XCConfigurationList section */
	};
	rootObject = B7336AB42B76C2D100E115C2 /* Project object */;
}
